
Microsoft Visual Studio Solution File, Format Version 12.00
# Visual Studio 15
VisualStudioVersion = 15.0.27428.2037
MinimumVisualStudioVersion = 10.0.40219.1
Project("{FAE04EC0-301F-11D3-BF4B-00C04F79EFBC}") = "RuntimeDemo", "RuntimeDemo\RuntimeDemo.csproj", "{06F7BD65-80CF-4117-BF51-667491BCF302}"
EndProject
Global
	GlobalSection(SolutionConfigurationPlatforms) = preSolution
		Debug|Any CPU = Debug|Any CPU
		Release|Any CPU = Release|Any CPU
	EndGlobalSection
	GlobalSection(ProjectConfigurationPlatforms) = postSolution
		{06F7BD65-80CF-4117-BF51-667491BCF302}.Debug|Any CPU.ActiveCfg = Debug|Any CPU
		{06F7BD65-80CF-4117-BF51-667491BCF302}.Debug|Any CPU.Build.0 = Debug|Any CPU
		{06F7BD65-80CF-4117-BF51-667491BCF302}.Release|Any CPU.ActiveCfg = Release|Any CPU
		{06F7BD65-80CF-4117-BF51-667491BCF302}.Release|Any CPU.Build.0 = Release|Any CPU
	EndGlobalSection
	GlobalSection(SolutionProperties) = preSolution
		HideSolutionNode = FALSE
	EndGlobalSection
	GlobalSection(ExtensibilityGlobals) = postSolution
		SolutionGuid = {776DCA9D-3359-4AE7-A8E7-1A3E6A76D3E5}
	EndGlobalSection
EndGlobal
